{
    "_readme": [
        "This file locks the dependencies of your project to a known state",
        "Read more about it at https://getcomposer.org/doc/01-basic-usage.md#composer-lock-the-lock-file",
        "This file is @generated automatically"
    ],
    "hash": "ea730b7d0a4adb074f558168b43eaa5c",
    "content-hash": "39da1723b986cc1e78046394629b6924",
    "packages": [
        {
            "name": "symfony/process",
            "version": "v2.8.3",
            "source": {
                "type": "git",
                "url": "https://github.com/symfony/process.git",
                "reference": "7dedd5b60550f33dca16dd7e94ef8aca8b67bbfe"
            },
            "dist": {
                "type": "zip",
                "url": "https://api.github.com/repos/symfony/process/zipball/7dedd5b60550f33dca16dd7e94ef8aca8b67bbfe",
                "reference": "7dedd5b60550f33dca16dd7e94ef8aca8b67bbfe",
                "shasum": ""
            },
            "require": {
                "php": ">=5.3.9"
            },
            "type": "library",
            "extra": {
                "branch-alias": {
                    "dev-master": "2.8-dev"
                }
            },
            "autoload": {
                "psr-4": {
                    "Symfony\\Component\\Process\\": ""
                },
                "exclude-from-classmap": [
                    "/Tests/"
                ]
            },
            "notification-url": "https://packagist.org/downloads/",
            "license": [
                "MIT"
            ],
            "authors": [
                {
                    "name": "Fabien Potencier",
                    "email": "fabien@symfony.com"
                },
                {
                    "name": "Symfony Community",
                    "homepage": "https://symfony.com/contributors"
                }
            ],
            "description": "Symfony Process Component",
            "homepage": "https://symfony.com",
            "time": "2016-02-02 13:33:15"
        }
    ],
    "packages-dev": [
        {
            "name": "aik099/coding-standard",
            "version": "dev-master",
            "source": {
                "type": "git",
                "url": "https://github.com/aik099/CodingStandard.git",
                "reference": "eab50b83546dbbee649c06c6a42c8f2761b2b653"
            },
            "dist": {
                "type": "zip",
                "url": "https://api.github.com/repos/aik099/CodingStandard/zipball/eab50b83546dbbee649c06c6a42c8f2761b2b653",
                "reference": "eab50b83546dbbee649c06c6a42c8f2761b2b653",
                "shasum": ""
            },
            "require-dev": {
                "squizlabs/php_codesniffer": "~2.0"
            },
            "type": "library",
            "extra": {
                "branch-alias": {
                    "dev-master": "1.0.x-dev"
                }
            },
            "notification-url": "https://packagist.org/downloads/",
            "license": [
                "BSD-3-Clause"
            ],
            "authors": [
                {
                    "name": "Alexander Obuhovich",
                    "email": "aik.bold@gmail.com"
                }
            ],
            "description": "The PHP_CodeSniffer coding standard I'm using on all of my projects.",
            "keywords": [
                "PHP_CodeSniffer",
                "codesniffer"
            ],
            "time": "2016-02-26 20:33:27"
        }
    ],
    "aliases": [],
    "minimum-stability": "stable",
    "stability-flags": {
        "aik099/coding-standard": 20
    },
    "prefer-stable": false,
    "prefer-lowest": false,
    "platform": {
        "php": ">=5.3.7"
    },
    "platform-dev": []
}
